
Microsoft Visual Studio Solution File, Format Version 12.00
# Visual Studio 14
VisualStudioVersion = 14.0.25420.1
MinimumVisualStudioVersion = 10.0.40219.1
Project("{E24C65DC-7377-472B-9ABA-BC803B73C61A}") = "Todo-List", ".", "{4F8F87CC-5A00-4220-8F44-EB993AD555C6}"
	ProjectSection(WebsiteProperties) = preProject
		TargetFrameworkMoniker = ".NETFramework,Version%3Dv4.0"
		Debug.AspNetCompiler.VirtualPath = "/localhost_3685"
		Debug.AspNetCompiler.PhysicalPath = "..\Todo-List\"
		Debug.AspNetCompiler.TargetPath = "PrecompiledWeb\localhost_3685\"
		Debug.AspNetCompiler.Updateable = "true"
		Debug.AspNetCompiler.ForceOverwrite = "true"
		Debug.AspNetCompiler.FixedNames = "false"
		Debug.AspNetCompiler.Debug = "True"
		Release.AspNetCompiler.VirtualPath = "/localhost_3685"
		Release.AspNetCompiler.PhysicalPath = "..\Todo-List\"
		Release.AspNetCompiler.TargetPath = "PrecompiledWeb\localhost_3685\"
		Release.AspNetCompiler.Updateable = "true"
		Release.AspNetCompiler.ForceOverwrite = "true"
		Release.AspNetCompiler.FixedNames = "false"
		Release.AspNetCompiler.Debug = "False"
		VWDPort = "3685"
		SlnRelativePath = "..\Todo-List\"
	EndProjectSection
EndProject
Global
	GlobalSection(SolutionConfigurationPlatforms) = preSolution
		Debug|Any CPU = Debug|Any CPU
	EndGlobalSection
	GlobalSection(ProjectConfigurationPlatforms) = postSolution
		{4F8F87CC-5A00-4220-8F44-EB993AD555C6}.Debug|Any CPU.ActiveCfg = Debug|Any CPU
		{4F8F87CC-5A00-4220-8F44-EB993AD555C6}.Debug|Any CPU.Build.0 = Debug|Any CPU
	EndGlobalSection
	GlobalSection(SolutionProperties) = preSolution
		HideSolutionNode = FALSE
	EndGlobalSection
EndGlobal
